
Microsoft Visual Studio Solution File, Format Version 12.00
# Visual Studio 15
VisualStudioVersion = 15.0.27703.2018
MinimumVisualStudioVersion = 10.0.40219.1
Project("{FAE04EC0-301F-11D3-BF4B-00C04F79EFBC}") = "TheGildedRose.WebAPI", "TheGildedRose.WebAPI\TheGildedRose.WebAPI.csproj", "{1667853B-2904-41FB-AA16-CA73A6A07C50}"
EndProject
Project("{FAE04EC0-301F-11D3-BF4B-00C04F79EFBC}") = "TheGildedRose.WebAPI.Tests.Unit", "TheGildedRose.WebAPI.Tests.Unit\TheGildedRose.WebAPI.Tests.Unit.csproj", "{1EF73B30-7475-413B-AE05-5E44703E733A}"
EndProject
Project("{FAE04EC0-301F-11D3-BF4B-00C04F79EFBC}") = "TheGildedRose.WebAPI.Tests.Integration", "TheGildedRose.WebAPI.Tests.Integration\TheGildedRose.WebAPI.Tests.Integration.csproj", "{1EA18CE2-564C-41B1-86C8-A1E7AB54C2E0}"
EndProject
Project("{2150E333-8FDC-42A3-9474-1A3956D46DE8}") = "Solution Items", "Solution Items", "{2BDD1D11-3369-492E-A802-E487943F69F3}"
	ProjectSection(SolutionItems) = preProject
		README.md = README.md
	EndProjectSection
EndProject
Global
	GlobalSection(SolutionConfigurationPlatforms) = preSolution
		Debug|Any CPU = Debug|Any CPU
		Release|Any CPU = Release|Any CPU
	EndGlobalSection
	GlobalSection(ProjectConfigurationPlatforms) = postSolution
		{1667853B-2904-41FB-AA16-CA73A6A07C50}.Debug|Any CPU.ActiveCfg = Debug|Any CPU
		{1667853B-2904-41FB-AA16-CA73A6A07C50}.Debug|Any CPU.Build.0 = Debug|Any CPU
		{1667853B-2904-41FB-AA16-CA73A6A07C50}.Release|Any CPU.ActiveCfg = Release|Any CPU
		{1667853B-2904-41FB-AA16-CA73A6A07C50}.Release|Any CPU.Build.0 = Release|Any CPU
		{1EF73B30-7475-413B-AE05-5E44703E733A}.Debug|Any CPU.ActiveCfg = Debug|Any CPU
		{1EF73B30-7475-413B-AE05-5E44703E733A}.Debug|Any CPU.Build.0 = Debug|Any CPU
		{1EF73B30-7475-413B-AE05-5E44703E733A}.Release|Any CPU.ActiveCfg = Release|Any CPU
		{1EF73B30-7475-413B-AE05-5E44703E733A}.Release|Any CPU.Build.0 = Release|Any CPU
		{1EA18CE2-564C-41B1-86C8-A1E7AB54C2E0}.Debug|Any CPU.ActiveCfg = Debug|Any CPU
		{1EA18CE2-564C-41B1-86C8-A1E7AB54C2E0}.Debug|Any CPU.Build.0 = Debug|Any CPU
		{1EA18CE2-564C-41B1-86C8-A1E7AB54C2E0}.Release|Any CPU.ActiveCfg = Release|Any CPU
		{1EA18CE2-564C-41B1-86C8-A1E7AB54C2E0}.Release|Any CPU.Build.0 = Release|Any CPU
	EndGlobalSection
	GlobalSection(SolutionProperties) = preSolution
		HideSolutionNode = FALSE
	EndGlobalSection
	GlobalSection(ExtensibilityGlobals) = postSolution
		SolutionGuid = {36F612AF-77C6-4550-B11C-7ED62C1DC949}
	EndGlobalSection
EndGlobal
